
Microsoft Visual Studio Solution File, Format Version 11.00
# Visual Studio 2010
# SharpDevelop 5.0
Project("{FAE04EC0-301F-11D3-BF4B-00C04F79EFBC}") = "task3_1", "task3_1\task3_1.csproj", "{391812FB-2710-411B-860B-9CDA25C1F696}"
EndProject
Global
	GlobalSection(SolutionConfigurationPlatforms) = preSolution
		Debug|Any CPU = Debug|Any CPU
		Release|Any CPU = Release|Any CPU
	EndGlobalSection
	GlobalSection(ProjectConfigurationPlatforms) = postSolution
		{391812FB-2710-411B-860B-9CDA25C1F696}.Debug|Any CPU.ActiveCfg = Debug|Any CPU
		{391812FB-2710-411B-860B-9CDA25C1F696}.Debug|Any CPU.Build.0 = Debug|Any CPU
		{391812FB-2710-411B-860B-9CDA25C1F696}.Release|Any CPU.ActiveCfg = Release|Any CPU
		{391812FB-2710-411B-860B-9CDA25C1F696}.Release|Any CPU.Build.0 = Release|Any CPU
	EndGlobalSection
EndGlobal
